<Solution>
  <Configurations>
    <Platform Name="x64" />
    <Platform Name="x86" />
  </Configurations>
  <Folder Name="/Solution Items/">
    <File Path="cpp_DecodingSecretMessage/Coding assessment input data example.html" />
    <File Path="cpp_DecodingSecretMessage/table.html" />
    <File Path="README.md" />
  </Folder>
  <Project Path="cpp_DecodingSecretMessage/cpp_DecodingSecretMessage.vcxproj" Id="bcd9be45-bc3f-442a-9587-71eee6eac6d2" />
</Solution>
